
Microsoft Visual Studio Solution File, Format Version 12.00
# Visual Studio 15
VisualStudioVersion = 15.0.28307.421
MinimumVisualStudioVersion = 10.0.40219.1
Project("{8BC9CEB8-8B4A-11D0-8D11-00A0C91BC942}") = "Apps2", "Apps2.vcxproj", "{B8717E90-1271-4CFE-BD65-1033AA1187A5}"
EndProject
Global
	GlobalSection(SolutionConfigurationPlatforms) = preSolution
		Debug|x64 = Debug|x64
		Debug|x86 = Debug|x86
		Release|x64 = Release|x64
		Release|x86 = Release|x86
	EndGlobalSection
	GlobalSection(ProjectConfigurationPlatforms) = postSolution
		{B8717E90-1271-4CFE-BD65-1033AA1187A5}.Debug|x64.ActiveCfg = Debug|x64
		{B8717E90-1271-4CFE-BD65-1033AA1187A5}.Debug|x64.Build.0 = Debug|x64
		{B8717E90-1271-4CFE-BD65-1033AA1187A5}.Debug|x86.ActiveCfg = Debug|Win32
		{B8717E90-1271-4CFE-BD65-1033AA1187A5}.Debug|x86.Build.0 = Debug|Win32
		{B8717E90-1271-4CFE-BD65-1033AA1187A5}.Release|x64.ActiveCfg = Release|x64
		{B8717E90-1271-4CFE-BD65-1033AA1187A5}.Release|x64.Build.0 = Release|x64
		{B8717E90-1271-4CFE-BD65-1033AA1187A5}.Release|x86.ActiveCfg = Release|Win32
		{B8717E90-1271-4CFE-BD65-1033AA1187A5}.Release|x86.Build.0 = Release|Win32
	EndGlobalSection
	GlobalSection(SolutionProperties) = preSolution
		HideSolutionNode = FALSE
	EndGlobalSection
	GlobalSection(ExtensibilityGlobals) = postSolution
		SolutionGuid = {F77F5A36-B2BB-4546-AC52-4EE547485524}
	EndGlobalSection
EndGlobal
